
Microsoft Visual Studio Solution File, Format Version 12.00
# Visual Studio Version 16
VisualStudioVersion = 16.0.30011.22
MinimumVisualStudioVersion = 10.0.40219.1
Project("{8BC9CEB8-8B4A-11D0-8D11-00A0C91BC942}") = "Qtavcombine", "Qtavcombine\Qtavcombine.vcxproj", "{C402A2A2-6B6C-470C-922A-BCA982AED64F}"
EndProject
Global
	GlobalSection(SolutionConfigurationPlatforms) = preSolution
		Debug|x64 = Debug|x64
		Debug|x86 = Debug|x86
		Release|x64 = Release|x64
		Release|x86 = Release|x86
	EndGlobalSection
	GlobalSection(ProjectConfigurationPlatforms) = postSolution
		{C402A2A2-6B6C-470C-922A-BCA982AED64F}.Debug|x64.ActiveCfg = Debug|x64
		{C402A2A2-6B6C-470C-922A-BCA982AED64F}.Debug|x64.Build.0 = Debug|x64
		{C402A2A2-6B6C-470C-922A-BCA982AED64F}.Debug|x86.ActiveCfg = Debug|Win32
		{C402A2A2-6B6C-470C-922A-BCA982AED64F}.Debug|x86.Build.0 = Debug|Win32
		{C402A2A2-6B6C-470C-922A-BCA982AED64F}.Release|x64.ActiveCfg = Release|x64
		{C402A2A2-6B6C-470C-922A-BCA982AED64F}.Release|x64.Build.0 = Release|x64
		{C402A2A2-6B6C-470C-922A-BCA982AED64F}.Release|x86.ActiveCfg = Release|Win32
		{C402A2A2-6B6C-470C-922A-BCA982AED64F}.Release|x86.Build.0 = Release|Win32
	EndGlobalSection
	GlobalSection(SolutionProperties) = preSolution
		HideSolutionNode = FALSE
	EndGlobalSection
	GlobalSection(ExtensibilityGlobals) = postSolution
		SolutionGuid = {CBCC1451-862A-4DF2-9E5C-CA44ECBD2CB8}
	EndGlobalSection
EndGlobal
